{
    "_meta": {
        "hash": {
            "sha256": "04f3e321a24ac18128109958ae724107a66dc2b98f2a91007382df0fbb455ab4"
        },
        "pipfile-spec": 6,
        "requires": {
            "python_version": "3.7"
        },
        "sources": [
            {
                "name": "pypi",
                "url": "https://pypi.org/simple",
                "verify_ssl": true
            }
        ]
    },
    "default": {},
    "develop": {
        "pleasehold": {
            "editable": true,
            "path": "."
        }
    }
}
